
Microsoft Visual Studio Solution File, Format Version 12.00
# Visual Studio Version 16
VisualStudioVersion = 16.0.34601.136
MinimumVisualStudioVersion = 10.0.40219.1
Project("{FAE04EC0-301F-11D3-BF4B-00C04F79EFBC}") = "TIleEngine_CapStone", "TIleEngine_CapStone.csproj", "{CE9CA2F2-AFF0-44C3-BD91-6B29B0E50019}"
EndProject
Project("{FAE04EC0-301F-11D3-BF4B-00C04F79EFBC}") = "TileEngine", "TileEngine\TileEngine.csproj", "{92ECB363-82DE-44DE-9DAC-2AEB604BB347}"
EndProject
Project("{FAE04EC0-301F-11D3-BF4B-00C04F79EFBC}") = "MapEditor", "MapEditor\MapEditor.csproj", "{DD2C89B2-CAE6-470C-9533-CCB87849CA6D}"
EndProject
Global
	GlobalSection(SolutionConfigurationPlatforms) = preSolution
		Debug|Any CPU = Debug|Any CPU
		Debug|x86 = Debug|x86
		Release|Any CPU = Release|Any CPU
		Release|x86 = Release|x86
	EndGlobalSection
	GlobalSection(ProjectConfigurationPlatforms) = postSolution
		{CE9CA2F2-AFF0-44C3-BD91-6B29B0E50019}.Debug|Any CPU.ActiveCfg = Debug|x86
		{CE9CA2F2-AFF0-44C3-BD91-6B29B0E50019}.Debug|x86.ActiveCfg = Debug|x86
		{CE9CA2F2-AFF0-44C3-BD91-6B29B0E50019}.Debug|x86.Build.0 = Debug|x86
		{CE9CA2F2-AFF0-44C3-BD91-6B29B0E50019}.Release|Any CPU.ActiveCfg = Release|x86
		{CE9CA2F2-AFF0-44C3-BD91-6B29B0E50019}.Release|x86.ActiveCfg = Release|x86
		{CE9CA2F2-AFF0-44C3-BD91-6B29B0E50019}.Release|x86.Build.0 = Release|x86
		{92ECB363-82DE-44DE-9DAC-2AEB604BB347}.Debug|Any CPU.ActiveCfg = Debug|Any CPU
		{92ECB363-82DE-44DE-9DAC-2AEB604BB347}.Debug|Any CPU.Build.0 = Debug|Any CPU
		{92ECB363-82DE-44DE-9DAC-2AEB604BB347}.Debug|x86.ActiveCfg = Debug|Any CPU
		{92ECB363-82DE-44DE-9DAC-2AEB604BB347}.Debug|x86.Build.0 = Debug|Any CPU
		{92ECB363-82DE-44DE-9DAC-2AEB604BB347}.Release|Any CPU.ActiveCfg = Release|Any CPU
		{92ECB363-82DE-44DE-9DAC-2AEB604BB347}.Release|Any CPU.Build.0 = Release|Any CPU
		{92ECB363-82DE-44DE-9DAC-2AEB604BB347}.Release|x86.ActiveCfg = Release|Any CPU
		{92ECB363-82DE-44DE-9DAC-2AEB604BB347}.Release|x86.Build.0 = Release|Any CPU
		{DD2C89B2-CAE6-470C-9533-CCB87849CA6D}.Debug|Any CPU.ActiveCfg = Debug|x86
		{DD2C89B2-CAE6-470C-9533-CCB87849CA6D}.Debug|x86.ActiveCfg = Debug|x86
		{DD2C89B2-CAE6-470C-9533-CCB87849CA6D}.Debug|x86.Build.0 = Debug|x86
		{DD2C89B2-CAE6-470C-9533-CCB87849CA6D}.Release|Any CPU.ActiveCfg = Release|x86
		{DD2C89B2-CAE6-470C-9533-CCB87849CA6D}.Release|x86.ActiveCfg = Release|x86
		{DD2C89B2-CAE6-470C-9533-CCB87849CA6D}.Release|x86.Build.0 = Release|x86
	EndGlobalSection
	GlobalSection(SolutionProperties) = preSolution
		HideSolutionNode = FALSE
	EndGlobalSection
	GlobalSection(ExtensibilityGlobals) = postSolution
		SolutionGuid = {D307249E-BF53-4512-A4E8-F40B4BC03FEB}
	EndGlobalSection
EndGlobal
